Microsoft Visual Studio Solution File, Format Version 11.00
# Visual Studio 2008

Project("{15D82B43-3C04-2CAB-5E42-1192A6911A91}") = "moore_proj3_2", "Assembly-CSharp-firstpass.csproj", "{090B15E2-0043-C25F-B7E5-E5B5AA312C21}"
EndProject
Project("{15D82B43-3C04-2CAB-5E42-1192A6911A91}") = "moore_proj3_2", "Assembly-CSharp.csproj", "{D34471A9-DC7E-AA1E-7347-DA82509079B3}"
EndProject
Project("{15D82B43-3C04-2CAB-5E42-1192A6911A91}") = "moore_proj3_2", "Assembly-CSharp-Editor.csproj", "{4EC62089-0941-D502-CC0A-F1E9FCAB19B5}"
EndProject
Global
	GlobalSection(SolutionConfigurationPlatforms) = preSolution
		Debug|Any CPU = Debug|Any CPU
		Release|Any CPU = Release|Any CPU
	EndGlobalSection
	GlobalSection(ProjectConfigurationPlatforms) = postSolution
		{090B15E2-0043-C25F-B7E5-E5B5AA312C21}.Debug|Any CPU.ActiveCfg = Debug|Any CPU
		{090B15E2-0043-C25F-B7E5-E5B5AA312C21}.Debug|Any CPU.Build.0 = Debug|Any CPU
		{090B15E2-0043-C25F-B7E5-E5B5AA312C21}.Release|Any CPU.ActiveCfg = Release|Any CPU
		{090B15E2-0043-C25F-B7E5-E5B5AA312C21}.Release|Any CPU.Build.0 = Release|Any CPU
		{D34471A9-DC7E-AA1E-7347-DA82509079B3}.Debug|Any CPU.ActiveCfg = Debug|Any CPU
		{D34471A9-DC7E-AA1E-7347-DA82509079B3}.Debug|Any CPU.Build.0 = Debug|Any CPU
		{D34471A9-DC7E-AA1E-7347-DA82509079B3}.Release|Any CPU.ActiveCfg = Release|Any CPU
		{D34471A9-DC7E-AA1E-7347-DA82509079B3}.Release|Any CPU.Build.0 = Release|Any CPU
		{4EC62089-0941-D502-CC0A-F1E9FCAB19B5}.Debug|Any CPU.ActiveCfg = Debug|Any CPU
		{4EC62089-0941-D502-CC0A-F1E9FCAB19B5}.Debug|Any CPU.Build.0 = Debug|Any CPU
		{4EC62089-0941-D502-CC0A-F1E9FCAB19B5}.Release|Any CPU.ActiveCfg = Release|Any CPU
		{4EC62089-0941-D502-CC0A-F1E9FCAB19B5}.Release|Any CPU.Build.0 = Release|Any CPU
	EndGlobalSection
	GlobalSection(SolutionProperties) = preSolution
		HideSolutionNode = FALSE
	EndGlobalSection
																																																								GlobalSection(MonoDevelopProperties) = preSolution
		StartupItem = Assembly-CSharp.csproj
		Policies = $0
		$0.TextStylePolicy = $1
		$1.inheritsSet = null
		$1.scope = text/x-csharp
		$0.CSharpFormattingPolicy = $2
		$2.inheritsSet = Mono
		$2.inheritsScope = text/x-csharp
		$2.scope = text/x-csharp
		$0.TextStylePolicy = $3
		$3.FileWidth = 120
		$3.TabWidth = 4
		$3.IndentWidth = 4
		$3.EolMarker = Unix
		$3.inheritsSet = Mono
		$3.inheritsScope = text/plain
		$3.scope = text/plain
	EndGlobalSection

EndGlobal
