
Microsoft Visual Studio Solution File, Format Version 12.00
# Visual Studio 2015
Project("{FAE04EC0-301F-11D3-BF4B-00C04F79EFBC}") = "gat251_project01_travismoore.CSharp.Plugins", "gat251_project01_travismoore.CSharp.Plugins.csproj", "{4677977E-E196-8457-3AD4-2F003E6CC310}"
EndProject
Project("{FAE04EC0-301F-11D3-BF4B-00C04F79EFBC}") = "gat251_project01_travismoore.CSharp", "gat251_project01_travismoore.CSharp.csproj", "{542257A1-3DC0-7A4C-70FC-86259D618508}"
EndProject
Project("{FAE04EC0-301F-11D3-BF4B-00C04F79EFBC}") = "gat251_project01_travismoore.CSharp.Editor", "gat251_project01_travismoore.CSharp.Editor.csproj", "{889223E9-0B69-B0A2-872F-3781FA9628CF}"
EndProject
Global
	GlobalSection(SolutionConfigurationPlatforms) = preSolution
		Debug|Any CPU = Debug|Any CPU
		Release|Any CPU = Release|Any CPU
	EndGlobalSection
	GlobalSection(ProjectConfigurationPlatforms) = postSolution
		{4677977E-E196-8457-3AD4-2F003E6CC310}.Debug|Any CPU.ActiveCfg = Debug|Any CPU
		{4677977E-E196-8457-3AD4-2F003E6CC310}.Debug|Any CPU.Build.0 = Debug|Any CPU
		{4677977E-E196-8457-3AD4-2F003E6CC310}.Release|Any CPU.ActiveCfg = Release|Any CPU
		{4677977E-E196-8457-3AD4-2F003E6CC310}.Release|Any CPU.Build.0 = Release|Any CPU
		{542257A1-3DC0-7A4C-70FC-86259D618508}.Debug|Any CPU.ActiveCfg = Debug|Any CPU
		{542257A1-3DC0-7A4C-70FC-86259D618508}.Debug|Any CPU.Build.0 = Debug|Any CPU
		{542257A1-3DC0-7A4C-70FC-86259D618508}.Release|Any CPU.ActiveCfg = Release|Any CPU
		{542257A1-3DC0-7A4C-70FC-86259D618508}.Release|Any CPU.Build.0 = Release|Any CPU
		{889223E9-0B69-B0A2-872F-3781FA9628CF}.Debug|Any CPU.ActiveCfg = Debug|Any CPU
		{889223E9-0B69-B0A2-872F-3781FA9628CF}.Debug|Any CPU.Build.0 = Debug|Any CPU
		{889223E9-0B69-B0A2-872F-3781FA9628CF}.Release|Any CPU.ActiveCfg = Release|Any CPU
		{889223E9-0B69-B0A2-872F-3781FA9628CF}.Release|Any CPU.Build.0 = Release|Any CPU
	EndGlobalSection
	GlobalSection(SolutionProperties) = preSolution
		HideSolutionNode = FALSE
	EndGlobalSection
EndGlobal
