Microsoft Visual Studio Solution File, Format Version 11.00
# Visual Studio 2008

Project("{00BE12D7-C3CC-6EF7-F5E8-14B3F667FA49}") = "moore_project3", "Assembly-CSharp-firstpass.csproj", "{AF719B43-A16F-B8CD-D39D-9596375B926D}"
EndProject
Project("{00BE12D7-C3CC-6EF7-F5E8-14B3F667FA49}") = "moore_project3", "Assembly-CSharp.csproj", "{BAB16774-651F-FE45-13AD-13BF5E2552A7}"
EndProject
Project("{00BE12D7-C3CC-6EF7-F5E8-14B3F667FA49}") = "moore_project3", "Assembly-CSharp-Editor.csproj", "{25864964-BF01-AAD9-B080-176028073AAC}"
EndProject
Global
	GlobalSection(SolutionConfigurationPlatforms) = preSolution
		Debug|Any CPU = Debug|Any CPU
		Release|Any CPU = Release|Any CPU
	EndGlobalSection
	GlobalSection(ProjectConfigurationPlatforms) = postSolution
		{AF719B43-A16F-B8CD-D39D-9596375B926D}.Debug|Any CPU.ActiveCfg = Debug|Any CPU
		{AF719B43-A16F-B8CD-D39D-9596375B926D}.Debug|Any CPU.Build.0 = Debug|Any CPU
		{AF719B43-A16F-B8CD-D39D-9596375B926D}.Release|Any CPU.ActiveCfg = Release|Any CPU
		{AF719B43-A16F-B8CD-D39D-9596375B926D}.Release|Any CPU.Build.0 = Release|Any CPU
		{BAB16774-651F-FE45-13AD-13BF5E2552A7}.Debug|Any CPU.ActiveCfg = Debug|Any CPU
		{BAB16774-651F-FE45-13AD-13BF5E2552A7}.Debug|Any CPU.Build.0 = Debug|Any CPU
		{BAB16774-651F-FE45-13AD-13BF5E2552A7}.Release|Any CPU.ActiveCfg = Release|Any CPU
		{BAB16774-651F-FE45-13AD-13BF5E2552A7}.Release|Any CPU.Build.0 = Release|Any CPU
		{25864964-BF01-AAD9-B080-176028073AAC}.Debug|Any CPU.ActiveCfg = Debug|Any CPU
		{25864964-BF01-AAD9-B080-176028073AAC}.Debug|Any CPU.Build.0 = Debug|Any CPU
		{25864964-BF01-AAD9-B080-176028073AAC}.Release|Any CPU.ActiveCfg = Release|Any CPU
		{25864964-BF01-AAD9-B080-176028073AAC}.Release|Any CPU.Build.0 = Release|Any CPU
	EndGlobalSection
	GlobalSection(SolutionProperties) = preSolution
		HideSolutionNode = FALSE
	EndGlobalSection
	GlobalSection(MonoDevelopProperties) = preSolution
		StartupItem = Assembly-CSharp.csproj
		Policies = $0
		$0.TextStylePolicy = $1
		$1.inheritsSet = null
		$1.scope = text/x-csharp
		$0.CSharpFormattingPolicy = $2
		$2.inheritsSet = Mono
		$2.inheritsScope = text/x-csharp
		$2.scope = text/x-csharp
		$0.TextStylePolicy = $3
		$3.FileWidth = 120
		$3.TabWidth = 4
		$3.IndentWidth = 4
		$3.EolMarker = Unix
		$3.inheritsSet = Mono
		$3.inheritsScope = text/plain
		$3.scope = text/plain
	EndGlobalSection
EndGlobal
